<?xml version="1.0" encoding="utf-8"?>
<Project ToolsVersion="4.0" xmlns="http://schemas.microsoft.com/developer/msbuild/2003">
  <ItemGroup>
    <Filter Include="Misc">
      <UniqueIdentifier>{4c20094a-04fd-4df1-a7cd-e472e3475890}</UniqueIdentifier>
    </Filter>
    <Filter Include="General">
      <UniqueIdentifier>{4FC737F1-C7A5-4376-A066-2A32D752A2FF}</UniqueIdentifier>
      <Extensions>cpp;c;cc;cxx;def;odl;idl;hpj;bat;asm;asmx</Extensions>
    </Filter>
    <Filter Include="Resources">
      <UniqueIdentifier>{67DA6AB6-F800-4c08-8B7A-83BB121AAD01}</UniqueIdentifier>
      <Extensions>rc;ico;cur;bmp;dlg;rc2;rct;bin;rgs;gif;jpg;jpeg;jpe;resx;tiff;tif;png;wav;mfcribbon-ms</Extensions>
    </Filter>
    <Filter Include="General\Headers">
      <UniqueIdentifier>{93995380-89BD-4b04-88EB-625FBE52EBFB}</UniqueIdentifier>
      <Extensions>h;hpp;hxx;hm;inl;inc;xsd</Extensions>
    </Filter>
    <Filter Include="Systems">
      <UniqueIdentifier>{d1dab64c-56a1-4a70-8ee2-7103d24dd2d1}</UniqueIdentifier>
    </Filter>
    <Filter Include="Systems\Nintendo64">
      <UniqueIdentifier>{932760f6-c7ff-4ff5-83b0-0b1b09adda6f}</UniqueIdentifier>
    </Filter>
    <Filter Include="Systems\PlayStation">
      <UniqueIdentifier>{11bb5839-4261-44c1-a36e-72c509d3e422}</UniqueIdentifier>
    </Filter>
    <Filter Include="Systems\PlayStation\Headers">
      <UniqueIdentifier>{84f30087-addb-4003-8e34-61012555c6b9}</UniqueIdentifier>
    </Filter>
    <Filter Include="Systems\Dreamcast">
      <UniqueIdentifier>{dfaccc45-c85a-4055-abcd-ddacdc88594f}</UniqueIdentifier>
    </Filter>
    <Filter Include="Systems\Dreamcast\Headers">
      <UniqueIdentifier>{20d05d85-002f-4b06-9feb-fdb5cd3c0b22}</UniqueIdentifier>
    </Filter>
  </ItemGroup>
  <ItemGroup>
    <ClInclude Include="FileIO.h">
      <Filter>General\Headers</Filter>
    </ClInclude>
    <ClInclude Include="Settings.h">
      <Filter>General\Headers</Filter>
    </ClInclude>
    <ClInclude Include="PSemuPro_Interface.h">
      <Filter>Misc</Filter>
    </ClInclude>
    <ClInclude Include="General.h">
      <Filter>General\Headers</Filter>
    </ClInclude>
    <ClInclude Include="ConfigDialog.h">
      <Filter>General\Headers</Filter>
    </ClInclude>
    <ClInclude Include="Zilmar_Controller_Interface.h">
      <Filter>Misc</Filter>
    </ClInclude>
    <ClInclude Include="Zilmar_Devices.h">
      <Filter>Systems\Nintendo64</Filter>
    </ClInclude>
    <ClInclude Include="Chankast.h">
      <Filter>Systems\Dreamcast\Headers</Filter>
    </ClInclude>
    <ClInclude Include="nullDC.h">
      <Filter>Systems\Dreamcast\Headers</Filter>
    </ClInclude>
    <ClInclude Include="nullDC_Devices.h">
      <Filter>Systems\Dreamcast\Headers</Filter>
    </ClInclude>
    <ClInclude Include="nullDC_plugin_types.h">
      <Filter>Systems\Dreamcast\Headers</Filter>
    </ClInclude>
    <ClInclude Include="resource.h">
      <Filter>Resources</Filter>
    </ClInclude>
    <ClInclude Include="Stuff.h">
      <Filter>General\Headers</Filter>
    </ClInclude>
    <ClInclude Include="Input.h">
      <Filter>General\Headers</Filter>
    </ClInclude>
    <ClInclude Include="Input_Shared.h">
      <Filter>General\Headers</Filter>
    </ClInclude>
    <ClInclude Include="nullDC_plugin_types_old.h">
      <Filter>Systems\Dreamcast\Headers</Filter>
    </ClInclude>
    <ClInclude Include="DebugStuff.h">
      <Filter>General\Headers</Filter>
    </ClInclude>
    <ClInclude Include="psemupro.h">
      <Filter>Systems\PlayStation\Headers</Filter>
    </ClInclude>
    <ClInclude Include="playstation_devices.h">
      <Filter>Systems\PlayStation\Headers</Filter>
    </ClInclude>
    <ClInclude Include="playstation_codes.h">
      <Filter>Systems\PlayStation\Headers</Filter>
    </ClInclude>
    <ClInclude Include="regini.h">
      <Filter>General\Headers</Filter>
    </ClInclude>
  </ItemGroup>
  <ItemGroup>
    <ClCompile Include="Settings.cpp">
      <Filter>General</Filter>
    </ClCompile>
    <ClCompile Include="ConfigDialog.cpp">
      <Filter>General</Filter>
    </ClCompile>
    <ClCompile Include="Chankast.cpp">
      <Filter>Systems\Dreamcast</Filter>
    </ClCompile>
    <ClCompile Include="nullDC.cpp">
      <Filter>Systems\Dreamcast</Filter>
    </ClCompile>
    <ClCompile Include="nullDC_Devices.cpp">
      <Filter>Systems\Dreamcast</Filter>
    </ClCompile>
    <ClCompile Include="Zilmar.cpp">
      <Filter>Systems\Nintendo64</Filter>
    </ClCompile>
    <ClCompile Include="Zilmar_Devices.cpp">
      <Filter>Systems\Nintendo64</Filter>
    </ClCompile>
    <ClCompile Include="Input_XInput.cpp">
      <Filter>General</Filter>
    </ClCompile>
    <ClCompile Include="Stuff_Linux.cpp">
      <Filter>General</Filter>
    </ClCompile>
    <ClCompile Include="Stuff_Shared.cpp">
      <Filter>General</Filter>
    </ClCompile>
    <ClCompile Include="Stuff_Windows.cpp">
      <Filter>General</Filter>
    </ClCompile>
    <ClCompile Include="Input_Linux.cpp">
      <Filter>General</Filter>
    </ClCompile>
    <ClCompile Include="Input_Shared.cpp">
      <Filter>General</Filter>
    </ClCompile>
    <ClCompile Include="FileIO.cpp">
      <Filter>General</Filter>
    </ClCompile>
    <ClCompile Include="DebugStuff.cpp">
      <Filter>General</Filter>
    </ClCompile>
    <ClCompile Include="psemupro.cpp">
      <Filter>Systems\PlayStation</Filter>
    </ClCompile>
    <ClCompile Include="playstation_mtap.cpp">
      <Filter>Systems\PlayStation</Filter>
    </ClCompile>
    <ClCompile Include="playstation_guitar.cpp">
      <Filter>Systems\PlayStation</Filter>
    </ClCompile>
    <ClCompile Include="playstation_dualschock2.cpp">
      <Filter>Systems\PlayStation</Filter>
    </ClCompile>
    <ClCompile Include="playstation_dualshock.cpp">
      <Filter>Systems\PlayStation</Filter>
    </ClCompile>
    <ClCompile Include="regini.cpp">
      <Filter>General</Filter>
    </ClCompile>
  </ItemGroup>
  <ItemGroup>
    <None Include="Background.bmp">
      <Filter>Resources</Filter>
    </None>
    <None Include="Readme.txt">
      <Filter>Misc</Filter>
    </None>
    <None Include="Exports.def">
      <Filter>Misc</Filter>
    </None>
  </ItemGroup>
  <ItemGroup>
    <ResourceCompile Include="Pokopom.rc">
      <Filter>Resources</Filter>
    </ResourceCompile>
  </ItemGroup>
</Project>